
Microsoft Visual Studio Solution File, Format Version 12.00
# Visual Studio Version 17
VisualStudioVersion = 17.14.36915.13 d17.14
MinimumVisualStudioVersion = 10.0.40219.1
Project("{FAE04EC0-301F-11D3-BF4B-00C04F79EFBC}") = "BMP_example", "BMP_example.csproj", "{4FB8D767-D361-8F27-7383-0F5B5D1FBD14}"
EndProject
Global
	GlobalSection(SolutionConfigurationPlatforms) = preSolution
		Debug|Any CPU = Debug|Any CPU
		Release|Any CPU = Release|Any CPU
	EndGlobalSection
	GlobalSection(ProjectConfigurationPlatforms) = postSolution
		{4FB8D767-D361-8F27-7383-0F5B5D1FBD14}.Debug|Any CPU.ActiveCfg = Debug|Any CPU
		{4FB8D767-D361-8F27-7383-0F5B5D1FBD14}.Debug|Any CPU.Build.0 = Debug|Any CPU
		{4FB8D767-D361-8F27-7383-0F5B5D1FBD14}.Release|Any CPU.ActiveCfg = Release|Any CPU
		{4FB8D767-D361-8F27-7383-0F5B5D1FBD14}.Release|Any CPU.Build.0 = Release|Any CPU
	EndGlobalSection
	GlobalSection(SolutionProperties) = preSolution
		HideSolutionNode = FALSE
	EndGlobalSection
	GlobalSection(ExtensibilityGlobals) = postSolution
		SolutionGuid = {8D1CE850-FA4F-49E2-9B37-36E6B1216C58}
	EndGlobalSection
EndGlobal
